
Microsoft Visual Studio Solution File, Format Version 12.00
# Visual Studio Version 17
VisualStudioVersion = 17.4.33213.308
MinimumVisualStudioVersion = 10.0.40219.1
Project("{9A19103F-16F7-4668-BE54-9A1E7A4F7556}") = "Client", "Client/Client.csproj", "{58652D0B-3A12-49DC-8202-1D325067FD0C}"
EndProject
Global
	GlobalSection(SolutionConfigurationPlatforms) = preSolution
		Debug|Any CPU = Debug|Any CPU
		Release|Any CPU = Release|Any CPU
	EndGlobalSection
	GlobalSection(ProjectConfigurationPlatforms) = postSolution
		{FED65DB7-781F-422B-8889-631889C49A16}.Debug|Any CPU.ActiveCfg = Debug|Any CPU
		{FED65DB7-781F-422B-8889-631889C49A16}.Debug|Any CPU.Build.0 = Debug|Any CPU
		{FED65DB7-781F-422B-8889-631889C49A16}.Release|Any CPU.ActiveCfg = Release|Any CPU
		{FED65DB7-781F-422B-8889-631889C49A16}.Release|Any CPU.Build.0 = Release|Any CPU
		{F92C9C33-A341-427F-86CE-75A744D496B8}.Debug|Any CPU.ActiveCfg = Debug|Any CPU
		{F92C9C33-A341-427F-86CE-75A744D496B8}.Debug|Any CPU.Build.0 = Debug|Any CPU
		{F92C9C33-A341-427F-86CE-75A744D496B8}.Release|Any CPU.ActiveCfg = Release|Any CPU
		{F92C9C33-A341-427F-86CE-75A744D496B8}.Release|Any CPU.Build.0 = Release|Any CPU
		{5FDE0D26-E3F0-4F0B-B313-3E4F0C1B9CC8}.Debug|Any CPU.ActiveCfg = Debug|Any CPU
		{5FDE0D26-E3F0-4F0B-B313-3E4F0C1B9CC8}.Debug|Any CPU.Build.0 = Debug|Any CPU
		{5FDE0D26-E3F0-4F0B-B313-3E4F0C1B9CC8}.Release|Any CPU.ActiveCfg = Release|Any CPU
		{5FDE0D26-E3F0-4F0B-B313-3E4F0C1B9CC8}.Release|Any CPU.Build.0 = Release|Any CPU
		{58652D0B-3A12-49DC-8202-1D325067FD0C}.Debug|Any CPU.ActiveCfg = Debug|Any CPU
		{58652D0B-3A12-49DC-8202-1D325067FD0C}.Debug|Any CPU.Build.0 = Debug|Any CPU
		{58652D0B-3A12-49DC-8202-1D325067FD0C}.Release|Any CPU.ActiveCfg = Release|Any CPU
		{58652D0B-3A12-49DC-8202-1D325067FD0C}.Release|Any CPU.Build.0 = Release|Any CPU
	EndGlobalSection
	GlobalSection(SolutionProperties) = preSolution
		HideSolutionNode = FALSE
	EndGlobalSection
	GlobalSection(ExtensibilityGlobals) = postSolution
		SolutionGuid = {0D905C73-E4FE-4927-8A52-0BE6D731DAC7}
	EndGlobalSection
EndGlobal
